
Microsoft Visual Studio Solution File, Format Version 12.00
# Visual Studio Version 17
VisualStudioVersion = 17.4.33205.214
MinimumVisualStudioVersion = 10.0.40219.1
Project("{FAE04EC0-301F-11D3-BF4B-00C04F79EFBC}") = "AUDITOR", "AUDITOR\AUDITOR.csproj", "{367D0862-0549-4C1B-AA76-5B3C7BE09292}"
EndProject
Project("{FAE04EC0-301F-11D3-BF4B-00C04F79EFBC}") = "SLQFINALIZA", "..\SLQFINALIZA\SLQFINALIZA\SLQFINALIZA.csproj", "{08BB6522-1BE6-423C-AE20-8C2ABBEB90C6}"
EndProject
Global
	GlobalSection(SolutionConfigurationPlatforms) = preSolution
		Debug|Any CPU = Debug|Any CPU
		Release|Any CPU = Release|Any CPU
	EndGlobalSection
	GlobalSection(ProjectConfigurationPlatforms) = postSolution
		{367D0862-0549-4C1B-AA76-5B3C7BE09292}.Debug|Any CPU.ActiveCfg = Debug|Any CPU
		{367D0862-0549-4C1B-AA76-5B3C7BE09292}.Debug|Any CPU.Build.0 = Debug|Any CPU
		{367D0862-0549-4C1B-AA76-5B3C7BE09292}.Release|Any CPU.ActiveCfg = Release|Any CPU
		{367D0862-0549-4C1B-AA76-5B3C7BE09292}.Release|Any CPU.Build.0 = Release|Any CPU
		{08BB6522-1BE6-423C-AE20-8C2ABBEB90C6}.Debug|Any CPU.ActiveCfg = Debug|Any CPU
		{08BB6522-1BE6-423C-AE20-8C2ABBEB90C6}.Debug|Any CPU.Build.0 = Debug|Any CPU
		{08BB6522-1BE6-423C-AE20-8C2ABBEB90C6}.Release|Any CPU.ActiveCfg = Release|Any CPU
		{08BB6522-1BE6-423C-AE20-8C2ABBEB90C6}.Release|Any CPU.Build.0 = Release|Any CPU
	EndGlobalSection
	GlobalSection(SolutionProperties) = preSolution
		HideSolutionNode = FALSE
	EndGlobalSection
	GlobalSection(ExtensibilityGlobals) = postSolution
		SolutionGuid = {E1B9DD36-523A-4168-BE49-DD0D999A3F32}
	EndGlobalSection
EndGlobal
