
Microsoft Visual Studio Solution File, Format Version 12.00
# Visual Studio Version 17
VisualStudioVersion = 17.7.34031.279
MinimumVisualStudioVersion = 10.0.40219.1
Project("{FAE04EC0-301F-11D3-BF4B-00C04F79EFBC}") = "ROBOTESTE", "ROBOTESTE\ROBOTESTE.csproj", "{191DD4BD-5364-4590-9B06-0EEB4A045938}"
EndProject
Global
	GlobalSection(SolutionConfigurationPlatforms) = preSolution
		Debug|Any CPU = Debug|Any CPU
		Release|Any CPU = Release|Any CPU
	EndGlobalSection
	GlobalSection(ProjectConfigurationPlatforms) = postSolution
		{191DD4BD-5364-4590-9B06-0EEB4A045938}.Debug|Any CPU.ActiveCfg = Debug|Any CPU
		{191DD4BD-5364-4590-9B06-0EEB4A045938}.Debug|Any CPU.Build.0 = Debug|Any CPU
		{191DD4BD-5364-4590-9B06-0EEB4A045938}.Release|Any CPU.ActiveCfg = Release|Any CPU
		{191DD4BD-5364-4590-9B06-0EEB4A045938}.Release|Any CPU.Build.0 = Release|Any CPU
	EndGlobalSection
	GlobalSection(SolutionProperties) = preSolution
		HideSolutionNode = FALSE
	EndGlobalSection
	GlobalSection(ExtensibilityGlobals) = postSolution
		SolutionGuid = {8E263CCE-87F4-4FA8-81C8-BD7596252E55}
	EndGlobalSection
EndGlobal
