
Microsoft Visual Studio Solution File, Format Version 12.00
# Visual Studio Version 17
VisualStudioVersion = 17.4.33205.214
MinimumVisualStudioVersion = 10.0.40219.1
Project("{FAE04EC0-301F-11D3-BF4B-00C04F79EFBC}") = "AUDIO", "AUDIO\AUDIO.csproj", "{EF283898-12AE-4602-A608-44C8CCED2BC7}"
EndProject
Project("{FAE04EC0-301F-11D3-BF4B-00C04F79EFBC}") = "WIFI", "..\WIFI\WIFI\WIFI.csproj", "{1B49D707-C1F6-4E06-8F96-507BC8DD894D}"
EndProject
Global
	GlobalSection(SolutionConfigurationPlatforms) = preSolution
		Debug|Any CPU = Debug|Any CPU
		Release|Any CPU = Release|Any CPU
	EndGlobalSection
	GlobalSection(ProjectConfigurationPlatforms) = postSolution
		{EF283898-12AE-4602-A608-44C8CCED2BC7}.Debug|Any CPU.ActiveCfg = Debug|Any CPU
		{EF283898-12AE-4602-A608-44C8CCED2BC7}.Debug|Any CPU.Build.0 = Debug|Any CPU
		{EF283898-12AE-4602-A608-44C8CCED2BC7}.Release|Any CPU.ActiveCfg = Release|Any CPU
		{EF283898-12AE-4602-A608-44C8CCED2BC7}.Release|Any CPU.Build.0 = Release|Any CPU
		{1B49D707-C1F6-4E06-8F96-507BC8DD894D}.Debug|Any CPU.ActiveCfg = Debug|Any CPU
		{1B49D707-C1F6-4E06-8F96-507BC8DD894D}.Debug|Any CPU.Build.0 = Debug|Any CPU
		{1B49D707-C1F6-4E06-8F96-507BC8DD894D}.Release|Any CPU.ActiveCfg = Release|Any CPU
		{1B49D707-C1F6-4E06-8F96-507BC8DD894D}.Release|Any CPU.Build.0 = Release|Any CPU
	EndGlobalSection
	GlobalSection(SolutionProperties) = preSolution
		HideSolutionNode = FALSE
	EndGlobalSection
	GlobalSection(ExtensibilityGlobals) = postSolution
		SolutionGuid = {F518FA64-F01C-4046-ACEE-BC6758124278}
	EndGlobalSection
EndGlobal
