
Microsoft Visual Studio Solution File, Format Version 12.00
# Visual Studio Version 17
VisualStudioVersion = 17.4.33205.214
MinimumVisualStudioVersion = 10.0.40219.1
Project("{FAE04EC0-301F-11D3-BF4B-00C04F79EFBC}") = "TESTE_MAQUINAS", "TESTE_MAQUINAS\TESTE_MAQUINAS.csproj", "{7394AAA1-87E3-4756-B07E-F5CD57E042FA}"
EndProject
Project("{FAE04EC0-301F-11D3-BF4B-00C04F79EFBC}") = "TECLADO", "..\TECLADO\TECLADO\TECLADO.csproj", "{36EB7560-E7CC-432F-9255-DF8D26C76AD2}"
EndProject
Project("{FAE04EC0-301F-11D3-BF4B-00C04F79EFBC}") = "AVELLCUSTOM1", "..\AVELLCUSTOM1\AVELLCUSTOM1\AVELLCUSTOM1.csproj", "{9C43FC3C-0A06-4D53-94C7-E16E996EF994}"
EndProject
Project("{FAE04EC0-301F-11D3-BF4B-00C04F79EFBC}") = "TOUCHPAD", "..\TOUCHPAD\TOUCHPAD\TOUCHPAD.csproj", "{ADAC9C7B-E2E1-4B3A-877C-1355EF2E578D}"
EndProject
Project("{FAE04EC0-301F-11D3-BF4B-00C04F79EFBC}") = "USB", "..\USB\USB\USB.csproj", "{604D6B2B-F4B4-4F08-A3BC-EC44EECDF1AB}"
EndProject
Project("{FAE04EC0-301F-11D3-BF4B-00C04F79EFBC}") = "WEBCAM", "..\WEBCAM\WEBCAM\WEBCAM.csproj", "{6C466EDF-2303-48D1-BBF5-3F54D3E86113}"
EndProject
Project("{FAE04EC0-301F-11D3-BF4B-00C04F79EFBC}") = "RGB", "..\RGB\RGB\RGB.csproj", "{EE948832-1758-4650-8957-8F6A0012E41D}"
EndProject
Project("{FAE04EC0-301F-11D3-BF4B-00C04F79EFBC}") = "AUDIO", "..\AUDIO\AUDIO\AUDIO.csproj", "{EF283898-12AE-4602-A608-44C8CCED2BC7}"
EndProject
Project("{FAE04EC0-301F-11D3-BF4B-00C04F79EFBC}") = "WIFI", "..\WIFI\WIFI\WIFI.csproj", "{1B49D707-C1F6-4E06-8F96-507BC8DD894D}"
EndProject
Project("{FAE04EC0-301F-11D3-BF4B-00C04F79EFBC}") = "HDMI", "..\HDMI\HDMI\HDMI.csproj", "{C7C5C0B8-A920-4431-82CF-4381BB4C8E65}"
EndProject
Project("{FAE04EC0-301F-11D3-BF4B-00C04F79EFBC}") = "AUDITOR", "..\AUDITOR\AUDITOR\AUDITOR.csproj", "{367D0862-0549-4C1B-AA76-5B3C7BE09292}"
EndProject
Project("{FAE04EC0-301F-11D3-BF4B-00C04F79EFBC}") = "SLQFINALIZA", "..\SLQFINALIZA\SLQFINALIZA\SLQFINALIZA.csproj", "{08BB6522-1BE6-423C-AE20-8C2ABBEB90C6}"
EndProject
Project("{FAE04EC0-301F-11D3-BF4B-00C04F79EFBC}") = "AUDITORIAMYSQL", "..\AUDITORIAMYSQL\AUDITORIAMYSQL\AUDITORIAMYSQL.csproj", "{94EE9196-4726-4690-90D5-F8285FAC3438}"
EndProject
Project("{FAE04EC0-301F-11D3-BF4B-00C04F79EFBC}") = "BLUETOOTH", "..\BLUETOOTH\BLUETOOTH\BLUETOOTH.csproj", "{4B82CC4C-7B83-4EEC-8443-AFF4190C968E}"
EndProject
Project("{FAE04EC0-301F-11D3-BF4B-00C04F79EFBC}") = "ROBOTESTE", "..\ROBOTESTE\ROBOTESTE\ROBOTESTE.csproj", "{191DD4BD-5364-4590-9B06-0EEB4A045938}"
EndProject
Project("{FAE04EC0-301F-11D3-BF4B-00C04F79EFBC}") = "DISPLAYPORT", "..\DISPLAYPORT\DISPLAYPORT\DISPLAYPORT.csproj", "{C654C186-B8E0-40CB-928E-9990A1CB87E7}"
EndProject
Project("{FAE04EC0-301F-11D3-BF4B-00C04F79EFBC}") = "LICENCA_WINDOWS", "..\LICENCA_WINDOWS\LICENCA_WINDOWS\LICENCA_WINDOWS.csproj", "{3F748642-E57D-472E-9E1D-1C3E4689C891}"
EndProject
Project("{FAE04EC0-301F-11D3-BF4B-00C04F79EFBC}") = "CONTROL_COOLER", "..\CONTROL_COOLER\CONTROL_COOLER\CONTROL_COOLER.csproj", "{F83611D6-D465-45AA-ADAE-49D88327325B}"
EndProject
Project("{FAE04EC0-301F-11D3-BF4B-00C04F79EFBC}") = "ETHERNET", "..\ETHERNET\ETHERNET.csproj", "{404C8A68-8BC8-406B-8E3B-FF84AA088AD3}"
EndProject
Global
	GlobalSection(SolutionConfigurationPlatforms) = preSolution
		Debug|Any CPU = Debug|Any CPU
		Release|Any CPU = Release|Any CPU
	EndGlobalSection
	GlobalSection(ProjectConfigurationPlatforms) = postSolution
		{7394AAA1-87E3-4756-B07E-F5CD57E042FA}.Debug|Any CPU.ActiveCfg = Debug|Any CPU
		{7394AAA1-87E3-4756-B07E-F5CD57E042FA}.Debug|Any CPU.Build.0 = Debug|Any CPU
		{7394AAA1-87E3-4756-B07E-F5CD57E042FA}.Release|Any CPU.ActiveCfg = Release|Any CPU
		{7394AAA1-87E3-4756-B07E-F5CD57E042FA}.Release|Any CPU.Build.0 = Release|Any CPU
		{36EB7560-E7CC-432F-9255-DF8D26C76AD2}.Debug|Any CPU.ActiveCfg = Debug|Any CPU
		{36EB7560-E7CC-432F-9255-DF8D26C76AD2}.Debug|Any CPU.Build.0 = Debug|Any CPU
		{36EB7560-E7CC-432F-9255-DF8D26C76AD2}.Release|Any CPU.ActiveCfg = Release|Any CPU
		{36EB7560-E7CC-432F-9255-DF8D26C76AD2}.Release|Any CPU.Build.0 = Release|Any CPU
		{9C43FC3C-0A06-4D53-94C7-E16E996EF994}.Debug|Any CPU.ActiveCfg = Debug|Any CPU
		{9C43FC3C-0A06-4D53-94C7-E16E996EF994}.Debug|Any CPU.Build.0 = Debug|Any CPU
		{9C43FC3C-0A06-4D53-94C7-E16E996EF994}.Release|Any CPU.ActiveCfg = Release|Any CPU
		{9C43FC3C-0A06-4D53-94C7-E16E996EF994}.Release|Any CPU.Build.0 = Release|Any CPU
		{ADAC9C7B-E2E1-4B3A-877C-1355EF2E578D}.Debug|Any CPU.ActiveCfg = Debug|Any CPU
		{ADAC9C7B-E2E1-4B3A-877C-1355EF2E578D}.Debug|Any CPU.Build.0 = Debug|Any CPU
		{ADAC9C7B-E2E1-4B3A-877C-1355EF2E578D}.Release|Any CPU.ActiveCfg = Release|Any CPU
		{ADAC9C7B-E2E1-4B3A-877C-1355EF2E578D}.Release|Any CPU.Build.0 = Release|Any CPU
		{604D6B2B-F4B4-4F08-A3BC-EC44EECDF1AB}.Debug|Any CPU.ActiveCfg = Debug|Any CPU
		{604D6B2B-F4B4-4F08-A3BC-EC44EECDF1AB}.Debug|Any CPU.Build.0 = Debug|Any CPU
		{604D6B2B-F4B4-4F08-A3BC-EC44EECDF1AB}.Release|Any CPU.ActiveCfg = Release|Any CPU
		{604D6B2B-F4B4-4F08-A3BC-EC44EECDF1AB}.Release|Any CPU.Build.0 = Release|Any CPU
		{6C466EDF-2303-48D1-BBF5-3F54D3E86113}.Debug|Any CPU.ActiveCfg = Debug|Any CPU
		{6C466EDF-2303-48D1-BBF5-3F54D3E86113}.Debug|Any CPU.Build.0 = Debug|Any CPU
		{6C466EDF-2303-48D1-BBF5-3F54D3E86113}.Release|Any CPU.ActiveCfg = Release|Any CPU
		{6C466EDF-2303-48D1-BBF5-3F54D3E86113}.Release|Any CPU.Build.0 = Release|Any CPU
		{EE948832-1758-4650-8957-8F6A0012E41D}.Debug|Any CPU.ActiveCfg = Debug|Any CPU
		{EE948832-1758-4650-8957-8F6A0012E41D}.Debug|Any CPU.Build.0 = Debug|Any CPU
		{EE948832-1758-4650-8957-8F6A0012E41D}.Release|Any CPU.ActiveCfg = Release|Any CPU
		{EE948832-1758-4650-8957-8F6A0012E41D}.Release|Any CPU.Build.0 = Release|Any CPU
		{EF283898-12AE-4602-A608-44C8CCED2BC7}.Debug|Any CPU.ActiveCfg = Debug|Any CPU
		{EF283898-12AE-4602-A608-44C8CCED2BC7}.Debug|Any CPU.Build.0 = Debug|Any CPU
		{EF283898-12AE-4602-A608-44C8CCED2BC7}.Release|Any CPU.ActiveCfg = Release|Any CPU
		{EF283898-12AE-4602-A608-44C8CCED2BC7}.Release|Any CPU.Build.0 = Release|Any CPU
		{1B49D707-C1F6-4E06-8F96-507BC8DD894D}.Debug|Any CPU.ActiveCfg = Debug|Any CPU
		{1B49D707-C1F6-4E06-8F96-507BC8DD894D}.Debug|Any CPU.Build.0 = Debug|Any CPU
		{1B49D707-C1F6-4E06-8F96-507BC8DD894D}.Release|Any CPU.ActiveCfg = Release|Any CPU
		{1B49D707-C1F6-4E06-8F96-507BC8DD894D}.Release|Any CPU.Build.0 = Release|Any CPU
		{C7C5C0B8-A920-4431-82CF-4381BB4C8E65}.Debug|Any CPU.ActiveCfg = Debug|Any CPU
		{C7C5C0B8-A920-4431-82CF-4381BB4C8E65}.Debug|Any CPU.Build.0 = Debug|Any CPU
		{C7C5C0B8-A920-4431-82CF-4381BB4C8E65}.Release|Any CPU.ActiveCfg = Release|Any CPU
		{C7C5C0B8-A920-4431-82CF-4381BB4C8E65}.Release|Any CPU.Build.0 = Release|Any CPU
		{367D0862-0549-4C1B-AA76-5B3C7BE09292}.Debug|Any CPU.ActiveCfg = Debug|Any CPU
		{367D0862-0549-4C1B-AA76-5B3C7BE09292}.Debug|Any CPU.Build.0 = Debug|Any CPU
		{367D0862-0549-4C1B-AA76-5B3C7BE09292}.Release|Any CPU.ActiveCfg = Release|Any CPU
		{367D0862-0549-4C1B-AA76-5B3C7BE09292}.Release|Any CPU.Build.0 = Release|Any CPU
		{08BB6522-1BE6-423C-AE20-8C2ABBEB90C6}.Debug|Any CPU.ActiveCfg = Debug|Any CPU
		{08BB6522-1BE6-423C-AE20-8C2ABBEB90C6}.Debug|Any CPU.Build.0 = Debug|Any CPU
		{08BB6522-1BE6-423C-AE20-8C2ABBEB90C6}.Release|Any CPU.ActiveCfg = Release|Any CPU
		{08BB6522-1BE6-423C-AE20-8C2ABBEB90C6}.Release|Any CPU.Build.0 = Release|Any CPU
		{94EE9196-4726-4690-90D5-F8285FAC3438}.Debug|Any CPU.ActiveCfg = Debug|Any CPU
		{94EE9196-4726-4690-90D5-F8285FAC3438}.Debug|Any CPU.Build.0 = Debug|Any CPU
		{94EE9196-4726-4690-90D5-F8285FAC3438}.Release|Any CPU.ActiveCfg = Release|Any CPU
		{94EE9196-4726-4690-90D5-F8285FAC3438}.Release|Any CPU.Build.0 = Release|Any CPU
		{4B82CC4C-7B83-4EEC-8443-AFF4190C968E}.Debug|Any CPU.ActiveCfg = Debug|Any CPU
		{4B82CC4C-7B83-4EEC-8443-AFF4190C968E}.Debug|Any CPU.Build.0 = Debug|Any CPU
		{4B82CC4C-7B83-4EEC-8443-AFF4190C968E}.Release|Any CPU.ActiveCfg = Release|Any CPU
		{4B82CC4C-7B83-4EEC-8443-AFF4190C968E}.Release|Any CPU.Build.0 = Release|Any CPU
		{191DD4BD-5364-4590-9B06-0EEB4A045938}.Debug|Any CPU.ActiveCfg = Debug|Any CPU
		{191DD4BD-5364-4590-9B06-0EEB4A045938}.Debug|Any CPU.Build.0 = Debug|Any CPU
		{191DD4BD-5364-4590-9B06-0EEB4A045938}.Release|Any CPU.ActiveCfg = Release|Any CPU
		{191DD4BD-5364-4590-9B06-0EEB4A045938}.Release|Any CPU.Build.0 = Release|Any CPU
		{C654C186-B8E0-40CB-928E-9990A1CB87E7}.Debug|Any CPU.ActiveCfg = Debug|Any CPU
		{C654C186-B8E0-40CB-928E-9990A1CB87E7}.Debug|Any CPU.Build.0 = Debug|Any CPU
		{C654C186-B8E0-40CB-928E-9990A1CB87E7}.Release|Any CPU.ActiveCfg = Release|Any CPU
		{C654C186-B8E0-40CB-928E-9990A1CB87E7}.Release|Any CPU.Build.0 = Release|Any CPU
		{3F748642-E57D-472E-9E1D-1C3E4689C891}.Debug|Any CPU.ActiveCfg = Debug|Any CPU
		{3F748642-E57D-472E-9E1D-1C3E4689C891}.Debug|Any CPU.Build.0 = Debug|Any CPU
		{3F748642-E57D-472E-9E1D-1C3E4689C891}.Release|Any CPU.ActiveCfg = Release|Any CPU
		{3F748642-E57D-472E-9E1D-1C3E4689C891}.Release|Any CPU.Build.0 = Release|Any CPU
		{F83611D6-D465-45AA-ADAE-49D88327325B}.Debug|Any CPU.ActiveCfg = Debug|Any CPU
		{F83611D6-D465-45AA-ADAE-49D88327325B}.Debug|Any CPU.Build.0 = Debug|Any CPU
		{F83611D6-D465-45AA-ADAE-49D88327325B}.Release|Any CPU.ActiveCfg = Release|Any CPU
		{F83611D6-D465-45AA-ADAE-49D88327325B}.Release|Any CPU.Build.0 = Release|Any CPU
		{404C8A68-8BC8-406B-8E3B-FF84AA088AD3}.Debug|Any CPU.ActiveCfg = Debug|Any CPU
		{404C8A68-8BC8-406B-8E3B-FF84AA088AD3}.Debug|Any CPU.Build.0 = Debug|Any CPU
		{404C8A68-8BC8-406B-8E3B-FF84AA088AD3}.Release|Any CPU.ActiveCfg = Release|Any CPU
		{404C8A68-8BC8-406B-8E3B-FF84AA088AD3}.Release|Any CPU.Build.0 = Release|Any CPU
	EndGlobalSection
	GlobalSection(SolutionProperties) = preSolution
		HideSolutionNode = FALSE
	EndGlobalSection
	GlobalSection(ExtensibilityGlobals) = postSolution
		SolutionGuid = {4A421FA7-A4DD-4CB7-85B2-84FD690D183E}
	EndGlobalSection
EndGlobal
