
Microsoft Visual Studio Solution File, Format Version 12.00
# Visual Studio Version 16
VisualStudioVersion = 16.0.33130.400
MinimumVisualStudioVersion = 10.0.40219.1
Project("{FAE04EC0-301F-11D3-BF4B-00C04F79EFBC}") = "RGB", "RGB\RGB.csproj", "{EE948832-1758-4650-8957-8F6A0012E41D}"
EndProject
Project("{FAE04EC0-301F-11D3-BF4B-00C04F79EFBC}") = "AUDIO", "..\AUDIO\AUDIO\AUDIO.csproj", "{EF283898-12AE-4602-A608-44C8CCED2BC7}"
EndProject
Global
	GlobalSection(SolutionConfigurationPlatforms) = preSolution
		Debug|Any CPU = Debug|Any CPU
		Release|Any CPU = Release|Any CPU
	EndGlobalSection
	GlobalSection(ProjectConfigurationPlatforms) = postSolution
		{EE948832-1758-4650-8957-8F6A0012E41D}.Debug|Any CPU.ActiveCfg = Debug|Any CPU
		{EE948832-1758-4650-8957-8F6A0012E41D}.Debug|Any CPU.Build.0 = Debug|Any CPU
		{EE948832-1758-4650-8957-8F6A0012E41D}.Release|Any CPU.ActiveCfg = Release|Any CPU
		{EE948832-1758-4650-8957-8F6A0012E41D}.Release|Any CPU.Build.0 = Release|Any CPU
		{EF283898-12AE-4602-A608-44C8CCED2BC7}.Debug|Any CPU.ActiveCfg = Debug|Any CPU
		{EF283898-12AE-4602-A608-44C8CCED2BC7}.Debug|Any CPU.Build.0 = Debug|Any CPU
		{EF283898-12AE-4602-A608-44C8CCED2BC7}.Release|Any CPU.ActiveCfg = Release|Any CPU
		{EF283898-12AE-4602-A608-44C8CCED2BC7}.Release|Any CPU.Build.0 = Release|Any CPU
	EndGlobalSection
	GlobalSection(SolutionProperties) = preSolution
		HideSolutionNode = FALSE
	EndGlobalSection
	GlobalSection(ExtensibilityGlobals) = postSolution
		SolutionGuid = {134E3067-3767-4FDA-9919-6ABBBA301B0B}
	EndGlobalSection
EndGlobal
